
Microsoft Visual Studio Solution File, Format Version 12.00
# Visual Studio Version 17
VisualStudioVersion = 17.9.34622.214
MinimumVisualStudioVersion = 10.0.40219.1
Project("{FAE04EC0-301F-11D3-BF4B-00C04F79EFBC}") = "Waltuh", "Waltuh.csproj", "{69F6E52C-D883-48ED-BB84-B5AF6AAFC3D5}"
EndProject
Global
	GlobalSection(SolutionConfigurationPlatforms) = preSolution
		Debug|Any CPU = Debug|Any CPU
		Release|Any CPU = Release|Any CPU
	EndGlobalSection
	GlobalSection(ProjectConfigurationPlatforms) = postSolution
		{69F6E52C-D883-48ED-BB84-B5AF6AAFC3D5}.Debug|Any CPU.ActiveCfg = Debug|Any CPU
		{69F6E52C-D883-48ED-BB84-B5AF6AAFC3D5}.Debug|Any CPU.Build.0 = Debug|Any CPU
		{69F6E52C-D883-48ED-BB84-B5AF6AAFC3D5}.Release|Any CPU.ActiveCfg = Release|Any CPU
		{69F6E52C-D883-48ED-BB84-B5AF6AAFC3D5}.Release|Any CPU.Build.0 = Release|Any CPU
	EndGlobalSection
	GlobalSection(SolutionProperties) = preSolution
		HideSolutionNode = FALSE
	EndGlobalSection
	GlobalSection(ExtensibilityGlobals) = postSolution
		SolutionGuid = {33D2CB37-D4F8-4585-8ABE-0C32A4B12C06}
	EndGlobalSection
EndGlobal
